
Microsoft Visual Studio Solution File, Format Version 12.00
# Visual Studio Version 16
VisualStudioVersion = 16.0.31410.357
MinimumVisualStudioVersion = 10.0.40219.1
Project("{FAE04EC0-301F-11D3-BF4B-00C04F79EFBC}") = "CPA", "CPA.csproj", "{6A9E3178-7468-43E9-A9A4-178CE8B825B8}"
EndProject
Global
	GlobalSection(SolutionConfigurationPlatforms) = preSolution
		Debug|Any CPU = Debug|Any CPU
		Release|Any CPU = Release|Any CPU
	EndGlobalSection
	GlobalSection(ProjectConfigurationPlatforms) = postSolution
		{6A9E3178-7468-43E9-A9A4-178CE8B825B8}.Debug|Any CPU.ActiveCfg = Debug|Any CPU
		{6A9E3178-7468-43E9-A9A4-178CE8B825B8}.Debug|Any CPU.Build.0 = Debug|Any CPU
		{6A9E3178-7468-43E9-A9A4-178CE8B825B8}.Release|Any CPU.ActiveCfg = Release|Any CPU
		{6A9E3178-7468-43E9-A9A4-178CE8B825B8}.Release|Any CPU.Build.0 = Release|Any CPU
	EndGlobalSection
	GlobalSection(SolutionProperties) = preSolution
		HideSolutionNode = FALSE
	EndGlobalSection
	GlobalSection(ExtensibilityGlobals) = postSolution
		SolutionGuid = {94113B05-3EC8-4DD7-99A8-5195B8F5218E}
	EndGlobalSection
EndGlobal
